Microsoft Visual Studio Solution File, Format Version 12.00
# Visual Studio Version 17
VisualStudioVersion = 17.5.2.0
MinimumVisualStudioVersion = 10.0.40219.1
Project("{FAE04EC0-301F-11D3-BF4B-00C04F79EFBC}") = "20-10-04_ex2", "20-10-04_ex2.csproj", "{F29FA40E-B5BE-4092-CD25-EF799E79668D}"
EndProject
Global
	GlobalSection(SolutionConfigurationPlatforms) = preSolution
		Debug|Any CPU = Debug|Any CPU
		Release|Any CPU = Release|Any CPU
	EndGlobalSection
	GlobalSection(ProjectConfigurationPlatforms) = postSolution
		{F29FA40E-B5BE-4092-CD25-EF799E79668D}.Debug|Any CPU.ActiveCfg = Debug|Any CPU
		{F29FA40E-B5BE-4092-CD25-EF799E79668D}.Debug|Any CPU.Build.0 = Debug|Any CPU
		{F29FA40E-B5BE-4092-CD25-EF799E79668D}.Release|Any CPU.ActiveCfg = Release|Any CPU
		{F29FA40E-B5BE-4092-CD25-EF799E79668D}.Release|Any CPU.Build.0 = Release|Any CPU
	EndGlobalSection
	GlobalSection(SolutionProperties) = preSolution
		HideSolutionNode = FALSE
	EndGlobalSection
	GlobalSection(ExtensibilityGlobals) = postSolution
		SolutionGuid = {4AA98FCE-1FB3-4BB8-B639-9604102875D7}
	EndGlobalSection
EndGlobal
