Microsoft Visual Studio Solution File, Format Version 12.00
# Visual Studio Version 17
VisualStudioVersion = 17.5.2.0
MinimumVisualStudioVersion = 10.0.40219.1
Project("{FAE04EC0-301F-11D3-BF4B-00C04F79EFBC}") = "atividade_4", "atividade_4.csproj", "{AE87F1C9-E48A-AC35-71A6-290B4EE90238}"
EndProject
Global
	GlobalSection(SolutionConfigurationPlatforms) = preSolution
		Debug|Any CPU = Debug|Any CPU
		Release|Any CPU = Release|Any CPU
	EndGlobalSection
	GlobalSection(ProjectConfigurationPlatforms) = postSolution
		{AE87F1C9-E48A-AC35-71A6-290B4EE90238}.Debug|Any CPU.ActiveCfg = Debug|Any CPU
		{AE87F1C9-E48A-AC35-71A6-290B4EE90238}.Debug|Any CPU.Build.0 = Debug|Any CPU
		{AE87F1C9-E48A-AC35-71A6-290B4EE90238}.Release|Any CPU.ActiveCfg = Release|Any CPU
		{AE87F1C9-E48A-AC35-71A6-290B4EE90238}.Release|Any CPU.Build.0 = Release|Any CPU
	EndGlobalSection
	GlobalSection(SolutionProperties) = preSolution
		HideSolutionNode = FALSE
	EndGlobalSection
	GlobalSection(ExtensibilityGlobals) = postSolution
		SolutionGuid = {8A3C8255-7FA3-4D47-BDEE-C9BF2DEDE5E4}
	EndGlobalSection
EndGlobal
