Microsoft Visual Studio Solution File, Format Version 12.00
# Visual Studio Version 17
VisualStudioVersion = 17.5.2.0
MinimumVisualStudioVersion = 10.0.40219.1
Project("{FAE04EC0-301F-11D3-BF4B-00C04F79EFBC}") = "19-06-04", "19-06-04.csproj", "{81DE9504-D0C1-D8AC-8A3A-73765E5BE542}"
EndProject
Global
	GlobalSection(SolutionConfigurationPlatforms) = preSolution
		Debug|Any CPU = Debug|Any CPU
		Release|Any CPU = Release|Any CPU
	EndGlobalSection
	GlobalSection(ProjectConfigurationPlatforms) = postSolution
		{81DE9504-D0C1-D8AC-8A3A-73765E5BE542}.Debug|Any CPU.ActiveCfg = Debug|Any CPU
		{81DE9504-D0C1-D8AC-8A3A-73765E5BE542}.Debug|Any CPU.Build.0 = Debug|Any CPU
		{81DE9504-D0C1-D8AC-8A3A-73765E5BE542}.Release|Any CPU.ActiveCfg = Release|Any CPU
		{81DE9504-D0C1-D8AC-8A3A-73765E5BE542}.Release|Any CPU.Build.0 = Release|Any CPU
	EndGlobalSection
	GlobalSection(SolutionProperties) = preSolution
		HideSolutionNode = FALSE
	EndGlobalSection
	GlobalSection(ExtensibilityGlobals) = postSolution
		SolutionGuid = {2CB85203-3CEE-4199-A57E-6A40D443D1E4}
	EndGlobalSection
EndGlobal
